
Microsoft Visual Studio Solution File, Format Version 12.00
# Visual Studio Version 17
VisualStudioVersion = 17.7.34024.191
MinimumVisualStudioVersion = 10.0.40219.1
Project("{2150E333-8FDC-42A3-9474-1A3956D46DE8}") = "Application", "Application", "{1326DF5F-D4B9-4242-BF1C-CC2500CDA77F}"
EndProject
Project("{2150E333-8FDC-42A3-9474-1A3956D46DE8}") = "Core", "Core", "{21FC2355-30D2-4F50-8BAE-EF8EDFAB2757}"
EndProject
Project("{2150E333-8FDC-42A3-9474-1A3956D46DE8}") = "Hardware", "Hardware", "{88E09554-33A8-4AC9-A219-B187FAFBD820}"
EndProject
Project("{2150E333-8FDC-42A3-9474-1A3956D46DE8}") = "Database", "Database", "{E6536FAF-7888-4ABC-B0CC-522C64147DD3}"
EndProject
Project("{FAE04EC0-301F-11D3-BF4B-00C04F79EFBC}") = "Shell", "Shell\Shell.csproj", "{D2F05170-1A97-4562-B220-718C7796D628}"
EndProject
Project("{FAE04EC0-301F-11D3-BF4B-00C04F79EFBC}") = "Company.Application.Share", "Company.Application.Share\Company.Application.Share.csproj", "{03F670E0-6835-4DBB-BE40-EFB9D95A39B5}"
EndProject
Project("{FAE04EC0-301F-11D3-BF4B-00C04F79EFBC}") = "Company.Core", "Company.Core\Company.Core.csproj", "{E9DA25DE-35CA-4889-93FA-1F5D223B735C}"
EndProject
Project("{FAE04EC0-301F-11D3-BF4B-00C04F79EFBC}") = "Company.Logger", "Company.Logger\Company.Logger.csproj", "{A0DE37B0-DAA2-4DDC-A12A-D2FF3364C9C3}"
EndProject
Project("{FAE04EC0-301F-11D3-BF4B-00C04F79EFBC}") = "Company.UI", "Company.UI\Company.UI.csproj", "{C7BBC0DF-DD66-4E85-8581-2D667792ED11}"
EndProject
Project("{FAE04EC0-301F-11D3-BF4B-00C04F79EFBC}") = "Company.Application.Main", "Company.Application.Main\Company.Application.Main.csproj", "{D46D3987-99F8-4B72-9D2E-E3886D9B0691}"
EndProject
Global
	GlobalSection(SolutionConfigurationPlatforms) = preSolution
		Debug|Any CPU = Debug|Any CPU
		Release|Any CPU = Release|Any CPU
	EndGlobalSection
	GlobalSection(ProjectConfigurationPlatforms) = postSolution
		{D2F05170-1A97-4562-B220-718C7796D628}.Debug|Any CPU.ActiveCfg = Debug|Any CPU
		{D2F05170-1A97-4562-B220-718C7796D628}.Debug|Any CPU.Build.0 = Debug|Any CPU
		{D2F05170-1A97-4562-B220-718C7796D628}.Release|Any CPU.ActiveCfg = Release|Any CPU
		{D2F05170-1A97-4562-B220-718C7796D628}.Release|Any CPU.Build.0 = Release|Any CPU
		{03F670E0-6835-4DBB-BE40-EFB9D95A39B5}.Debug|Any CPU.ActiveCfg = Debug|Any CPU
		{03F670E0-6835-4DBB-BE40-EFB9D95A39B5}.Debug|Any CPU.Build.0 = Debug|Any CPU
		{03F670E0-6835-4DBB-BE40-EFB9D95A39B5}.Release|Any CPU.ActiveCfg = Release|Any CPU
		{03F670E0-6835-4DBB-BE40-EFB9D95A39B5}.Release|Any CPU.Build.0 = Release|Any CPU
		{E9DA25DE-35CA-4889-93FA-1F5D223B735C}.Debug|Any CPU.ActiveCfg = Debug|Any CPU
		{E9DA25DE-35CA-4889-93FA-1F5D223B735C}.Debug|Any CPU.Build.0 = Debug|Any CPU
		{E9DA25DE-35CA-4889-93FA-1F5D223B735C}.Release|Any CPU.ActiveCfg = Release|Any CPU
		{E9DA25DE-35CA-4889-93FA-1F5D223B735C}.Release|Any CPU.Build.0 = Release|Any CPU
		{A0DE37B0-DAA2-4DDC-A12A-D2FF3364C9C3}.Debug|Any CPU.ActiveCfg = Debug|Any CPU
		{A0DE37B0-DAA2-4DDC-A12A-D2FF3364C9C3}.Debug|Any CPU.Build.0 = Debug|Any CPU
		{A0DE37B0-DAA2-4DDC-A12A-D2FF3364C9C3}.Release|Any CPU.ActiveCfg = Release|Any CPU
		{A0DE37B0-DAA2-4DDC-A12A-D2FF3364C9C3}.Release|Any CPU.Build.0 = Release|Any CPU
		{C7BBC0DF-DD66-4E85-8581-2D667792ED11}.Debug|Any CPU.ActiveCfg = Debug|Any CPU
		{C7BBC0DF-DD66-4E85-8581-2D667792ED11}.Debug|Any CPU.Build.0 = Debug|Any CPU
		{C7BBC0DF-DD66-4E85-8581-2D667792ED11}.Release|Any CPU.ActiveCfg = Release|Any CPU
		{C7BBC0DF-DD66-4E85-8581-2D667792ED11}.Release|Any CPU.Build.0 = Release|Any CPU
		{D46D3987-99F8-4B72-9D2E-E3886D9B0691}.Debug|Any CPU.ActiveCfg = Debug|Any CPU
		{D46D3987-99F8-4B72-9D2E-E3886D9B0691}.Debug|Any CPU.Build.0 = Debug|Any CPU
		{D46D3987-99F8-4B72-9D2E-E3886D9B0691}.Release|Any CPU.ActiveCfg = Release|Any CPU
		{D46D3987-99F8-4B72-9D2E-E3886D9B0691}.Release|Any CPU.Build.0 = Release|Any CPU
	EndGlobalSection
	GlobalSection(SolutionProperties) = preSolution
		HideSolutionNode = FALSE
	EndGlobalSection
	GlobalSection(NestedProjects) = preSolution
		{03F670E0-6835-4DBB-BE40-EFB9D95A39B5} = {1326DF5F-D4B9-4242-BF1C-CC2500CDA77F}
		{E9DA25DE-35CA-4889-93FA-1F5D223B735C} = {21FC2355-30D2-4F50-8BAE-EF8EDFAB2757}
		{A0DE37B0-DAA2-4DDC-A12A-D2FF3364C9C3} = {21FC2355-30D2-4F50-8BAE-EF8EDFAB2757}
		{C7BBC0DF-DD66-4E85-8581-2D667792ED11} = {21FC2355-30D2-4F50-8BAE-EF8EDFAB2757}
		{D46D3987-99F8-4B72-9D2E-E3886D9B0691} = {1326DF5F-D4B9-4242-BF1C-CC2500CDA77F}
	EndGlobalSection
	GlobalSection(ExtensibilityGlobals) = postSolution
		SolutionGuid = {5473615A-C969-4043-89B1-11E78917DDD8}
	EndGlobalSection
EndGlobal
